
Microsoft Visual Studio Solution File, Format Version 12.00
# Visual Studio 14
VisualStudioVersion = 14.0.25123.0
MinimumVisualStudioVersion = 10.0.40219.1
Project("{FAE04EC0-301F-11D3-BF4B-00C04F79EFBC}") = "Cinteros.Xrm", "Cinteros.Xrm\Cinteros.Xrm.csproj", "{3C865935-8376-4B29-BBF2-9EEEB08FA9EA}"
EndProject
Project("{2150E333-8FDC-42A3-9474-1A3956D46DE8}") = "Solution Items", "Solution Items", "{3C24DC98-E02C-4450-89EB-239A0A304106}"
	ProjectSection(SolutionItems) = preProject
		Cinteros.XrmToolBox.Plugins.nuspec = Cinteros.XrmToolBox.Plugins.nuspec
		Cinteros.XrmToolBox.Plugins.yml = Cinteros.XrmToolBox.Plugins.yml
		Cinteros.XTB.ViewDesigner.nuspec = Cinteros.XTB.ViewDesigner.nuspec
		Cinteros.XTB.ViewDesigner.yml = Cinteros.XTB.ViewDesigner.yml
	EndProjectSection
EndProject
Project("{FAE04EC0-301F-11D3-BF4B-00C04F79EFBC}") = "Cinteros.Xrm.WIP", "Cinteros.Xrm\Cinteros.Xrm.WIP.csproj", "{54E28306-8CA0-4683-A944-D70F6B4687C3}"
EndProject
Global
	GlobalSection(SolutionConfigurationPlatforms) = preSolution
		Debug All Cinteros XTB|Any CPU = Debug All Cinteros XTB|Any CPU
		Debug Without GemBox|Any CPU = Debug Without GemBox|Any CPU
		Debug|Any CPU = Debug|Any CPU
		Release|Any CPU = Release|Any CPU
	EndGlobalSection
	GlobalSection(ProjectConfigurationPlatforms) = postSolution
		{3C865935-8376-4B29-BBF2-9EEEB08FA9EA}.Debug All Cinteros XTB|Any CPU.ActiveCfg = Debug|Any CPU
		{3C865935-8376-4B29-BBF2-9EEEB08FA9EA}.Debug All Cinteros XTB|Any CPU.Build.0 = Debug|Any CPU
		{3C865935-8376-4B29-BBF2-9EEEB08FA9EA}.Debug Without GemBox|Any CPU.ActiveCfg = Debug|Any CPU
		{3C865935-8376-4B29-BBF2-9EEEB08FA9EA}.Debug Without GemBox|Any CPU.Build.0 = Debug|Any CPU
		{3C865935-8376-4B29-BBF2-9EEEB08FA9EA}.Debug|Any CPU.ActiveCfg = Debug|Any CPU
		{3C865935-8376-4B29-BBF2-9EEEB08FA9EA}.Debug|Any CPU.Build.0 = Debug|Any CPU
		{3C865935-8376-4B29-BBF2-9EEEB08FA9EA}.Release|Any CPU.ActiveCfg = Release|Any CPU
		{3C865935-8376-4B29-BBF2-9EEEB08FA9EA}.Release|Any CPU.Build.0 = Release|Any CPU
		{54E28306-8CA0-4683-A944-D70F6B4687C3}.Debug All Cinteros XTB|Any CPU.ActiveCfg = Debug|Any CPU
		{54E28306-8CA0-4683-A944-D70F6B4687C3}.Debug All Cinteros XTB|Any CPU.Build.0 = Debug|Any CPU
		{54E28306-8CA0-4683-A944-D70F6B4687C3}.Debug Without GemBox|Any CPU.ActiveCfg = Debug|Any CPU
		{54E28306-8CA0-4683-A944-D70F6B4687C3}.Debug Without GemBox|Any CPU.Build.0 = Debug|Any CPU
		{54E28306-8CA0-4683-A944-D70F6B4687C3}.Debug|Any CPU.ActiveCfg = Debug|Any CPU
		{54E28306-8CA0-4683-A944-D70F6B4687C3}.Debug|Any CPU.Build.0 = Debug|Any CPU
		{54E28306-8CA0-4683-A944-D70F6B4687C3}.Release|Any CPU.ActiveCfg = Release|Any CPU
		{54E28306-8CA0-4683-A944-D70F6B4687C3}.Release|Any CPU.Build.0 = Release|Any CPU
	EndGlobalSection
	GlobalSection(SolutionProperties) = preSolution
		HideSolutionNode = FALSE
	EndGlobalSection
EndGlobal
